
Microsoft Visual Studio Solution File, Format Version 12.00
# Visual Studio 15
VisualStudioVersion = 15.0.27130.2003
MinimumVisualStudioVersion = 10.0.40219.1
Project("{9A19103F-16F7-4668-BE54-9A1E7A4F7556}") = "IdentityServerApi", "IdentityServerApi\IdentityServerApi.csproj", "{C1F85D9E-6806-44DC-8F24-BC1AE092DF7D}"
EndProject
Global
	GlobalSection(SolutionConfigurationPlatforms) = preSolution
		Debug|Any CPU = Debug|Any CPU
		Release|Any CPU = Release|Any CPU
	EndGlobalSection
	GlobalSection(ProjectConfigurationPlatforms) = postSolution
		{C1F85D9E-6806-44DC-8F24-BC1AE092DF7D}.Debug|Any CPU.ActiveCfg = Debug|Any CPU
		{C1F85D9E-6806-44DC-8F24-BC1AE092DF7D}.Debug|Any CPU.Build.0 = Debug|Any CPU
		{C1F85D9E-6806-44DC-8F24-BC1AE092DF7D}.Release|Any CPU.ActiveCfg = Release|Any CPU
		{C1F85D9E-6806-44DC-8F24-BC1AE092DF7D}.Release|Any CPU.Build.0 = Release|Any CPU
	EndGlobalSection
	GlobalSection(SolutionProperties) = preSolution
		HideSolutionNode = FALSE
	EndGlobalSection
	GlobalSection(ExtensibilityGlobals) = postSolution
		SolutionGuid = {3C762B0E-B5B1-4561-B095-60D9381CD763}
	EndGlobalSection
EndGlobal
